// !$*UTF8*$!
{
	archiveVersion = 1;
	classes = {
	};
	objectVersion = 56;
	objects = {

/* Begin PBXBuildFile section */
		B39DBEFC2AA8ECFC00551653 /* AppDelegate.swift in Sources */ = {isa = PBXBuildFile; fileRef = B39DBEFB2AA8ECFC00551653 /* AppDelegate.swift */; };
		B39DBEFE2AA8ECFC00551653 /* SceneDelegate.swift in Sources */ = {isa = PBXBuildFile; fileRef = B39DBEFD2AA8ECFC00551653 /* SceneDelegate.swift */; };
		B39DBF052AA8ECFD00551653 /* Assets.xcassets in Resources */ = {isa = PBXBuildFile; fileRef = B39DBF042AA8ECFD00551653 /* Assets.xcassets */; };
		B39DBF132AA8ECFE00551653 /* RickAndMorty_ModularArchitectureTests.swift in Sources */ = {isa = PBXBuildFile; fileRef = B39DBF122AA8ECFE00551653 /* RickAndMorty_ModularArchitectureTests.swift */; };
		B39DBF1D2AA8ECFE00551653 /* RickAndMorty_ModularArchitectureUITests.swift in Sources */ = {isa = PBXBuildFile; fileRef = B39DBF1C2AA8ECFE00551653 /* RickAndMorty_ModularArchitectureUITests.swift */; };
		B39DBF1F2AA8ECFE00551653 /* RickAndMorty_ModularArchitectureUITestsLaunchTests.swift in Sources */ = {isa = PBXBuildFile; fileRef = B39DBF1E2AA8ECFE00551653 /* RickAndMorty_ModularArchitectureUITestsLaunchTests.swift */; };
		B39DBF332AA8EE2800551653 /* RMScenes.h in Headers */ = {isa = PBXBuildFile; fileRef = B39DBF322AA8EE2800551653 /* RMScenes.h */; settings = {ATTRIBUTES = (Public, ); }; };
		B39DBF362AA8EE2800551653 /* RMScenes.framework in Frameworks */ = {isa = PBXBuildFile; fileRef = B39DBF302AA8EE2800551653 /* RMScenes.framework */; };
		B39DBF372AA8EE2800551653 /* RMScenes.framework in Embed Frameworks */ = {isa = PBXBuildFile; fileRef = B39DBF302AA8EE2800551653 /* RMScenes.framework */; settings = {ATTRIBUTES = (CodeSignOnCopy, RemoveHeadersOnCopy, ); }; };
		B39DBF442AA8EE5F00551653 /* RMCore.h in Headers */ = {isa = PBXBuildFile; fileRef = B39DBF432AA8EE5F00551653 /* RMCore.h */; settings = {ATTRIBUTES = (Public, ); }; };
		B39DBF472AA8EE5F00551653 /* RMCore.framework in Frameworks */ = {isa = PBXBuildFile; fileRef = B39DBF412AA8EE5F00551653 /* RMCore.framework */; };
		B39DBF482AA8EE5F00551653 /* RMCore.framework in Embed Frameworks */ = {isa = PBXBuildFile; fileRef = B39DBF412AA8EE5F00551653 /* RMCore.framework */; settings = {ATTRIBUTES = (CodeSignOnCopy, RemoveHeadersOnCopy, ); }; };
		B39DBF542AA8EEA600551653 /* RMNetwork.h in Headers */ = {isa = PBXBuildFile; fileRef = B39DBF532AA8EEA600551653 /* RMNetwork.h */; settings = {ATTRIBUTES = (Public, ); }; };
		B39DBF572AA8EEA600551653 /* RMNetwork.framework in Frameworks */ = {isa = PBXBuildFile; fileRef = B39DBF512AA8EEA600551653 /* RMNetwork.framework */; };
		B39DBF582AA8EEA600551653 /* RMNetwork.framework in Embed Frameworks */ = {isa = PBXBuildFile; fileRef = B39DBF512AA8EEA600551653 /* RMNetwork.framework */; settings = {ATTRIBUTES = (CodeSignOnCopy, RemoveHeadersOnCopy, ); }; };
		B39DBF642AA8EEBF00551653 /* RMEntities.h in Headers */ = {isa = PBXBuildFile; fileRef = B39DBF632AA8EEBF00551653 /* RMEntities.h */; settings = {ATTRIBUTES = (Public, ); }; };
		B39DBF672AA8EEBF00551653 /* RMEntities.framework in Frameworks */ = {isa = PBXBuildFile; fileRef = B39DBF612AA8EEBF00551653 /* RMEntities.framework */; };
		B39DBF682AA8EEBF00551653 /* RMEntities.framework in Embed Frameworks */ = {isa = PBXBuildFile; fileRef = B39DBF612AA8EEBF00551653 /* RMEntities.framework */; settings = {ATTRIBUTES = (CodeSignOnCopy, RemoveHeadersOnCopy, ); }; };
		B39DBF742AA8EEF300551653 /* RMComponents.h in Headers */ = {isa = PBXBuildFile; fileRef = B39DBF732AA8EEF300551653 /* RMComponents.h */; settings = {ATTRIBUTES = (Public, ); }; };
		B39DBF772AA8EEF300551653 /* RMComponents.framework in Frameworks */ = {isa = PBXBuildFile; fileRef = B39DBF712AA8EEF300551653 /* RMComponents.framework */; };
		B39DBF782AA8EEF300551653 /* RMComponents.framework in Embed Frameworks */ = {isa = PBXBuildFile; fileRef = B39DBF712AA8EEF300551653 /* RMComponents.framework */; settings = {ATTRIBUTES = (CodeSignOnCopy, RemoveHeadersOnCopy, ); }; };
		B39DBF7E2AA8F03000551653 /* BundleExtension.swift in Sources */ = {isa = PBXBuildFile; fileRef = B39DBF7D2AA8F03000551653 /* BundleExtension.swift */; };
		B39DBF842AA8F06A00551653 /* BundleExtension.swift in Sources */ = {isa = PBXBuildFile; fileRef = B39DBF832AA8F06A00551653 /* BundleExtension.swift */; };
		B39DBF862AA8F07500551653 /* BundleExtension.swift in Sources */ = {isa = PBXBuildFile; fileRef = B39DBF852AA8F07500551653 /* BundleExtension.swift */; };
		B39DBF882AA8F07C00551653 /* BundleExtension.swift in Sources */ = {isa = PBXBuildFile; fileRef = B39DBF872AA8F07C00551653 /* BundleExtension.swift */; };
		B39DBF8A2AA8F08500551653 /* BundleExtension.swift in Sources */ = {isa = PBXBuildFile; fileRef = B39DBF892AA8F08500551653 /* BundleExtension.swift */; };
		B39DBF902AA8F12200551653 /* Splash.storyboard in Resources */ = {isa = PBXBuildFile; fileRef = B39DBF8F2AA8F12200551653 /* Splash.storyboard */; };
		B39DBF942AA8F14300551653 /* SplashViewController.swift in Sources */ = {isa = PBXBuildFile; fileRef = B39DBF932AA8F14300551653 /* SplashViewController.swift */; };
		B39DBF972AA8FA0900551653 /* ServiceConstant.swift in Sources */ = {isa = PBXBuildFile; fileRef = B39DBF962AA8FA0900551653 /* ServiceConstant.swift */; };
		B39DBF992AA8FA1700551653 /* BaseRequest.swift in Sources */ = {isa = PBXBuildFile; fileRef = B39DBF982AA8FA1700551653 /* BaseRequest.swift */; };
		B39DBF9C2AA8FABF00551653 /* BaseService.swift in Sources */ = {isa = PBXBuildFile; fileRef = B39DBF9B2AA8FABF00551653 /* BaseService.swift */; };
		B39DBF9F2AA8FACA00551653 /* Alamofire in Frameworks */ = {isa = PBXBuildFile; productRef = B39DBF9E2AA8FACA00551653 /* Alamofire */; };
		B39DBFA22AA8FAE800551653 /* Alamofire in Frameworks */ = {isa = PBXBuildFile; productRef = B39DBFA12AA8FAE800551653 /* Alamofire */; };
		B39DBFA32AA8FAE800551653 /* RMCore.framework in Frameworks */ = {isa = PBXBuildFile; fileRef = B39DBF412AA8EE5F00551653 /* RMCore.framework */; };
		B39DBFA42AA8FAE800551653 /* RMEntities.framework in Frameworks */ = {isa = PBXBuildFile; fileRef = B39DBF612AA8EEBF00551653 /* RMEntities.framework */; };
		B39DBFA52AA8FAF500551653 /* RMCore.framework in Frameworks */ = {isa = PBXBuildFile; fileRef = B39DBF412AA8EE5F00551653 /* RMCore.framework */; };
		B39DBFA62AA8FAF500551653 /* RMEntities.framework in Frameworks */ = {isa = PBXBuildFile; fileRef = B39DBF612AA8EEBF00551653 /* RMEntities.framework */; };
		B39DBFA72AA8FB0A00551653 /* RMComponents.framework in Frameworks */ = {isa = PBXBuildFile; fileRef = B39DBF712AA8EEF300551653 /* RMComponents.framework */; };
		B39DBFA82AA8FB0A00551653 /* RMCore.framework in Frameworks */ = {isa = PBXBuildFile; fileRef = B39DBF412AA8EE5F00551653 /* RMCore.framework */; };
		B39DBFA92AA8FB0A00551653 /* RMEntities.framework in Frameworks */ = {isa = PBXBuildFile; fileRef = B39DBF612AA8EEBF00551653 /* RMEntities.framework */; };
		B39DBFAA2AA8FB0A00551653 /* RMNetwork.framework in Frameworks */ = {isa = PBXBuildFile; fileRef = B39DBF512AA8EEA600551653 /* RMNetwork.framework */; };
		B39DBFAC2AA8FDFD00551653 /* CharacterEndPoint.swift in Sources */ = {isa = PBXBuildFile; fileRef = B39DBFAB2AA8FDFD00551653 /* CharacterEndPoint.swift */; };
		B39DBFAE2AA8FF5500551653 /* CharacterListUseCase.swift in Sources */ = {isa = PBXBuildFile; fileRef = B39DBFAD2AA8FF5500551653 /* CharacterListUseCase.swift */; };
		B39DBFB12AA9029000551653 /* CharacterListResponse.swift in Sources */ = {isa = PBXBuildFile; fileRef = B39DBFB02AA9029000551653 /* CharacterListResponse.swift */; };
		B39DBFB32AA9033C00551653 /* Info.swift in Sources */ = {isa = PBXBuildFile; fileRef = B39DBFB22AA9033C00551653 /* Info.swift */; };
		B39DBFB52AA9035B00551653 /* RMCharacter.swift in Sources */ = {isa = PBXBuildFile; fileRef = B39DBFB42AA9035B00551653 /* RMCharacter.swift */; };
		B39DBFB72AA9038D00551653 /* Origin.swift in Sources */ = {isa = PBXBuildFile; fileRef = B39DBFB62AA9038D00551653 /* Origin.swift */; };
		B39DBFB92AA903A800551653 /* Location.swift in Sources */ = {isa = PBXBuildFile; fileRef = B39DBFB82AA903A800551653 /* Location.swift */; };
		B39DBFBE2AA90D5600551653 /* CharacterListBuilder.swift in Sources */ = {isa = PBXBuildFile; fileRef = B39DBFBD2AA90D5600551653 /* CharacterListBuilder.swift */; };
		B39DBFC02AA90D6B00551653 /* CharacterListViewModel.swift in Sources */ = {isa = PBXBuildFile; fileRef = B39DBFBF2AA90D6B00551653 /* CharacterListViewModel.swift */; };
		B39DBFC22AA90D7800551653 /* CharacterListViewController.swift in Sources */ = {isa = PBXBuildFile; fileRef = B39DBFC12AA90D7800551653 /* CharacterListViewController.swift */; };
		B39DBFC42AA913CF00551653 /* CharacterList.storyboard in Resources */ = {isa = PBXBuildFile; fileRef = B39DBFC32AA913CF00551653 /* CharacterList.storyboard */; };
		B39DBFC62AA9148B00551653 /* UIStoryboardExtensions.swift in Sources */ = {isa = PBXBuildFile; fileRef = B39DBFC52AA9148B00551653 /* UIStoryboardExtensions.swift */; };
		B39DBFC92AA916D400551653 /* Storyboards.swift in Sources */ = {isa = PBXBuildFile; fileRef = B39DBFC82AA916D400551653 /* Storyboards.swift */; };
/* End PBXBuildFile section */

/* Begin PBXContainerItemProxy section */
		B39DBF0F2AA8ECFE00551653 /* PBXContainerItemProxy */ = {
			isa = PBXContainerItemProxy;
			containerPortal = B39DBEF02AA8ECFC00551653 /* Project object */;
			proxyType = 1;
			remoteGlobalIDString = B39DBEF72AA8ECFC00551653;
			remoteInfo = "RickAndMorty-ModularArchitecture";
		};
		B39DBF192AA8ECFE00551653 /* PBXContainerItemProxy */ = {
			isa = PBXContainerItemProxy;
			containerPortal = B39DBEF02AA8ECFC00551653 /* Project object */;
			proxyType = 1;
			remoteGlobalIDString = B39DBEF72AA8ECFC00551653;
			remoteInfo = "RickAndMorty-ModularArchitecture";
		};
		B39DBF342AA8EE2800551653 /* PBXContainerItemProxy */ = {
			isa = PBXContainerItemProxy;
			containerPortal = B39DBEF02AA8ECFC00551653 /* Project object */;
			proxyType = 1;
			remoteGlobalIDString = B39DBF2F2AA8EE2800551653;
			remoteInfo = RMScenes;
		};
		B39DBF452AA8EE5F00551653 /* PBXContainerItemProxy */ = {
			isa = PBXContainerItemProxy;
			containerPortal = B39DBEF02AA8ECFC00551653 /* Project object */;
			proxyType = 1;
			remoteGlobalIDString = B39DBF402AA8EE5F00551653;
			remoteInfo = RMCore;
		};
		B39DBF552AA8EEA600551653 /* PBXContainerItemProxy */ = {
			isa = PBXContainerItemProxy;
			containerPortal = B39DBEF02AA8ECFC00551653 /* Project object */;
			proxyType = 1;
			remoteGlobalIDString = B39DBF502AA8EEA600551653;
			remoteInfo = RMNetwork;
		};
		B39DBF652AA8EEBF00551653 /* PBXContainerItemProxy */ = {
			isa = PBXContainerItemProxy;
			containerPortal = B39DBEF02AA8ECFC00551653 /* Project object */;
			proxyType = 1;
			remoteGlobalIDString = B39DBF602AA8EEBF00551653;
			remoteInfo = RMEntities;
		};
		B39DBF752AA8EEF300551653 /* PBXContainerItemProxy */ = {
			isa = PBXContainerItemProxy;
			containerPortal = B39DBEF02AA8ECFC00551653 /* Project object */;
			proxyType = 1;
			remoteGlobalIDString = B39DBF702AA8EEF300551653;
			remoteInfo = RMComponents;
		};
/* End PBXContainerItemProxy section */

/* Begin PBXCopyFilesBuildPhase section */
		B39DBF382AA8EE2800551653 /* Embed Frameworks */ = {
			isa = PBXCopyFilesBuildPhase;
			buildActionMask = 2147483647;
			dstPath = "";
			dstSubfolderSpec = 10;
			files = (
				B39DBF682AA8EEBF00551653 /* RMEntities.framework in Embed Frameworks */,
				B39DBF482AA8EE5F00551653 /* RMCore.framework in Embed Frameworks */,
				B39DBF582AA8EEA600551653 /* RMNetwork.framework in Embed Frameworks */,
				B39DBF782AA8EEF300551653 /* RMComponents.framework in Embed Frameworks */,
				B39DBF372AA8EE2800551653 /* RMScenes.framework in Embed Frameworks */,
			);
			name = "Embed Frameworks";
			runOnlyForDeploymentPostprocessing = 0;
		};
/* End PBXCopyFilesBuildPhase section */

/* Begin PBXFileReference section */
		B39DBEF82AA8ECFC00551653 /* RickAndMorty-ModularArchitecture.app */ = {isa = PBXFileReference; explicitFileType = wrapper.application; includeInIndex = 0; path = "RickAndMorty-ModularArchitecture.app"; sourceTree = BUILT_PRODUCTS_DIR; };
		B39DBEFB2AA8ECFC00551653 /* AppDelegate.swift */ = {isa = PBXFileReference; lastKnownFileType = sourcecode.swift; path = AppDelegate.swift; sourceTree = "<group>"; };
		B39DBEFD2AA8ECFC00551653 /* SceneDelegate.swift */ = {isa = PBXFileReference; lastKnownFileType = sourcecode.swift; path = SceneDelegate.swift; sourceTree = "<group>"; };
		B39DBF042AA8ECFD00551653 /* Assets.xcassets */ = {isa = PBXFileReference; lastKnownFileType = folder.assetcatalog; path = Assets.xcassets; sourceTree = "<group>"; };
		B39DBF092AA8ECFD00551653 /* Info.plist */ = {isa = PBXFileReference; lastKnownFileType = text.plist.xml; path = Info.plist; sourceTree = "<group>"; };
		B39DBF0E2AA8ECFE00551653 /* RickAndMorty-ModularArchitectureTests.xctest */ = {isa = PBXFileReference; explicitFileType = wrapper.cfbundle; includeInIndex = 0; path = "RickAndMorty-ModularArchitectureTests.xctest"; sourceTree = BUILT_PRODUCTS_DIR; };
		B39DBF122AA8ECFE00551653 /* RickAndMorty_ModularArchitectureTests.swift */ = {isa = PBXFileReference; lastKnownFileType = sourcecode.swift; path = RickAndMorty_ModularArchitectureTests.swift; sourceTree = "<group>"; };
		B39DBF182AA8ECFE00551653 /* RickAndMorty-ModularArchitectureUITests.xctest */ = {isa = PBXFileReference; explicitFileType = wrapper.cfbundle; includeInIndex = 0; path = "RickAndMorty-ModularArchitectureUITests.xctest"; sourceTree = BUILT_PRODUCTS_DIR; };
		B39DBF1C2AA8ECFE00551653 /* RickAndMorty_ModularArchitectureUITests.swift */ = {isa = PBXFileReference; lastKnownFileType = sourcecode.swift; path = RickAndMorty_ModularArchitectureUITests.swift; sourceTree = "<group>"; };
		B39DBF1E2AA8ECFE00551653 /* RickAndMorty_ModularArchitectureUITestsLaunchTests.swift */ = {isa = PBXFileReference; lastKnownFileType = sourcecode.swift; path = RickAndMorty_ModularArchitectureUITestsLaunchTests.swift; sourceTree = "<group>"; };
		B39DBF302AA8EE2800551653 /* RMScenes.framework */ = {isa = PBXFileReference; explicitFileType = wrapper.framework; includeInIndex = 0; path = RMScenes.framework; sourceTree = BUILT_PRODUCTS_DIR; };
		B39DBF322AA8EE2800551653 /* RMScenes.h */ = {isa = PBXFileReference; lastKnownFileType = sourcecode.c.h; path = RMScenes.h; sourceTree = "<group>"; };
		B39DBF412AA8EE5F00551653 /* RMCore.framework */ = {isa = PBXFileReference; explicitFileType = wrapper.framework; includeInIndex = 0; path = RMCore.framework; sourceTree = BUILT_PRODUCTS_DIR; };
		B39DBF432AA8EE5F00551653 /* RMCore.h */ = {isa = PBXFileReference; lastKnownFileType = sourcecode.c.h; path = RMCore.h; sourceTree = "<group>"; };
		B39DBF512AA8EEA600551653 /* RMNetwork.framework */ = {isa = PBXFileReference; explicitFileType = wrapper.framework; includeInIndex = 0; path = RMNetwork.framework; sourceTree = BUILT_PRODUCTS_DIR; };
		B39DBF532AA8EEA600551653 /* RMNetwork.h */ = {isa = PBXFileReference; lastKnownFileType = sourcecode.c.h; path = RMNetwork.h; sourceTree = "<group>"; };
		B39DBF612AA8EEBF00551653 /* RMEntities.framework */ = {isa = PBXFileReference; explicitFileType = wrapper.framework; includeInIndex = 0; path = RMEntities.framework; sourceTree = BUILT_PRODUCTS_DIR; };
		B39DBF632AA8EEBF00551653 /* RMEntities.h */ = {isa = PBXFileReference; lastKnownFileType = sourcecode.c.h; path = RMEntities.h; sourceTree = "<group>"; };
		B39DBF712AA8EEF300551653 /* RMComponents.framework */ = {isa = PBXFileReference; explicitFileType = wrapper.framework; includeInIndex = 0; path = RMComponents.framework; sourceTree = BUILT_PRODUCTS_DIR; };
		B39DBF732AA8EEF300551653 /* RMComponents.h */ = {isa = PBXFileReference; lastKnownFileType = sourcecode.c.h; path = RMComponents.h; sourceTree = "<group>"; };
		B39DBF7D2AA8F03000551653 /* BundleExtension.swift */ = {isa = PBXFileReference; lastKnownFileType = sourcecode.swift; path = BundleExtension.swift; sourceTree = "<group>"; };
		B39DBF832AA8F06A00551653 /* BundleExtension.swift */ = {isa = PBXFileReference; lastKnownFileType = sourcecode.swift; path = BundleExtension.swift; sourceTree = "<group>"; };
		B39DBF852AA8F07500551653 /* BundleExtension.swift */ = {isa = PBXFileReference; lastKnownFileType = sourcecode.swift; path = BundleExtension.swift; sourceTree = "<group>"; };
		B39DBF872AA8F07C00551653 /* BundleExtension.swift */ = {isa = PBXFileReference; lastKnownFileType = sourcecode.swift; path = BundleExtension.swift; sourceTree = "<group>"; };
		B39DBF892AA8F08500551653 /* BundleExtension.swift */ = {isa = PBXFileReference; lastKnownFileType = sourcecode.swift; path = BundleExtension.swift; sourceTree = "<group>"; };
		B39DBF8F2AA8F12200551653 /* Splash.storyboard */ = {isa = PBXFileReference; lastKnownFileType = file.storyboard; path = Splash.storyboard; sourceTree = "<group>"; };
		B39DBF932AA8F14300551653 /* SplashViewController.swift */ = {isa = PBXFileReference; lastKnownFileType = sourcecode.swift; path = SplashViewController.swift; sourceTree = "<group>"; };
		B39DBF962AA8FA0900551653 /* ServiceConstant.swift */ = {isa = PBXFileReference; lastKnownFileType = sourcecode.swift; path = ServiceConstant.swift; sourceTree = "<group>"; };
		B39DBF982AA8FA1700551653 /* BaseRequest.swift */ = {isa = PBXFileReference; lastKnownFileType = sourcecode.swift; path = BaseRequest.swift; sourceTree = "<group>"; };
		B39DBF9B2AA8FABF00551653 /* BaseService.swift */ = {isa = PBXFileReference; lastKnownFileType = sourcecode.swift; path = BaseService.swift; sourceTree = "<group>"; };
		B39DBFAB2AA8FDFD00551653 /* CharacterEndPoint.swift */ = {isa = PBXFileReference; lastKnownFileType = sourcecode.swift; path = CharacterEndPoint.swift; sourceTree = "<group>"; };
		B39DBFAD2AA8FF5500551653 /* CharacterListUseCase.swift */ = {isa = PBXFileReference; lastKnownFileType = sourcecode.swift; path = CharacterListUseCase.swift; sourceTree = "<group>"; };
		B39DBFB02AA9029000551653 /* CharacterListResponse.swift */ = {isa = PBXFileReference; lastKnownFileType = sourcecode.swift; path = CharacterListResponse.swift; sourceTree = "<group>"; };
		B39DBFB22AA9033C00551653 /* Info.swift */ = {isa = PBXFileReference; lastKnownFileType = sourcecode.swift; path = Info.swift; sourceTree = "<group>"; };
		B39DBFB42AA9035B00551653 /* RMCharacter.swift */ = {isa = PBXFileReference; lastKnownFileType = sourcecode.swift; path = RMCharacter.swift; sourceTree = "<group>"; };
		B39DBFB62AA9038D00551653 /* Origin.swift */ = {isa = PBXFileReference; lastKnownFileType = sourcecode.swift; path = Origin.swift; sourceTree = "<group>"; };
		B39DBFB82AA903A800551653 /* Location.swift */ = {isa = PBXFileReference; lastKnownFileType = sourcecode.swift; path = Location.swift; sourceTree = "<group>"; };
		B39DBFBD2AA90D5600551653 /* CharacterListBuilder.swift */ = {isa = PBXFileReference; lastKnownFileType = sourcecode.swift; path = CharacterListBuilder.swift; sourceTree = "<group>"; };
		B39DBFBF2AA90D6B00551653 /* CharacterListViewModel.swift */ = {isa = PBXFileReference; lastKnownFileType = sourcecode.swift; path = CharacterListViewModel.swift; sourceTree = "<group>"; };
		B39DBFC12AA90D7800551653 /* CharacterListViewController.swift */ = {isa = PBXFileReference; lastKnownFileType = sourcecode.swift; path = CharacterListViewController.swift; sourceTree = "<group>"; };
		B39DBFC32AA913CF00551653 /* CharacterList.storyboard */ = {isa = PBXFileReference; lastKnownFileType = file.storyboard; path = CharacterList.storyboard; sourceTree = "<group>"; };
		B39DBFC52AA9148B00551653 /* UIStoryboardExtensions.swift */ = {isa = PBXFileReference; lastKnownFileType = sourcecode.swift; path = UIStoryboardExtensions.swift; sourceTree = "<group>"; };
		B39DBFC82AA916D400551653 /* Storyboards.swift */ = {isa = PBXFileReference; lastKnownFileType = sourcecode.swift; path = Storyboards.swift; sourceTree = "<group>"; };
/* End PBXFileReference section */

/* Begin PBXFrameworksBuildPhase section */
		B39DBEF52AA8ECFC00551653 /* Frameworks */ = {
			isa = PBXFrameworksBuildPhase;
			buildActionMask = 2147483647;
			files = (
				B39DBF672AA8EEBF00551653 /* RMEntities.framework in Frameworks */,
				B39DBF472AA8EE5F00551653 /* RMCore.framework in Frameworks */,
				B39DBF572AA8EEA600551653 /* RMNetwork.framework in Frameworks */,
				B39DBF9F2AA8FACA00551653 /* Alamofire in Frameworks */,
				B39DBF772AA8EEF300551653 /* RMComponents.framework in Frameworks */,
				B39DBF362AA8EE2800551653 /* RMScenes.framework in Frameworks */,
			);
			runOnlyForDeploymentPostprocessing = 0;
		};
		B39DBF0B2AA8ECFE00551653 /* Frameworks */ = {
			isa = PBXFrameworksBuildPhase;
			buildActionMask = 2147483647;
			files = (
			);
			runOnlyForDeploymentPostprocessing = 0;
		};
		B39DBF152AA8ECFE00551653 /* Frameworks */ = {
			isa = PBXFrameworksBuildPhase;
			buildActionMask = 2147483647;
			files = (
			);
			runOnlyForDeploymentPostprocessing = 0;
		};
		B39DBF2D2AA8EE2800551653 /* Frameworks */ = {
			isa = PBXFrameworksBuildPhase;
			buildActionMask = 2147483647;
			files = (
				B39DBFA72AA8FB0A00551653 /* RMComponents.framework in Frameworks */,
				B39DBFA82AA8FB0A00551653 /* RMCore.framework in Frameworks */,
				B39DBFA92AA8FB0A00551653 /* RMEntities.framework in Frameworks */,
				B39DBFAA2AA8FB0A00551653 /* RMNetwork.framework in Frameworks */,
			);
			runOnlyForDeploymentPostprocessing = 0;
		};
		B39DBF3E2AA8EE5F00551653 /* Frameworks */ = {
			isa = PBXFrameworksBuildPhase;
			buildActionMask = 2147483647;
			files = (
			);
			runOnlyForDeploymentPostprocessing = 0;
		};
		B39DBF4E2AA8EEA600551653 /* Frameworks */ = {
			isa = PBXFrameworksBuildPhase;
			buildActionMask = 2147483647;
			files = (
				B39DBFA32AA8FAE800551653 /* RMCore.framework in Frameworks */,
				B39DBFA42AA8FAE800551653 /* RMEntities.framework in Frameworks */,
				B39DBFA22AA8FAE800551653 /* Alamofire in Frameworks */,
			);
			runOnlyForDeploymentPostprocessing = 0;
		};
		B39DBF5E2AA8EEBF00551653 /* Frameworks */ = {
			isa = PBXFrameworksBuildPhase;
			buildActionMask = 2147483647;
			files = (
			);
			runOnlyForDeploymentPostprocessing = 0;
		};
		B39DBF6E2AA8EEF300551653 /* Frameworks */ = {
			isa = PBXFrameworksBuildPhase;
			buildActionMask = 2147483647;
			files = (
				B39DBFA52AA8FAF500551653 /* RMCore.framework in Frameworks */,
				B39DBFA62AA8FAF500551653 /* RMEntities.framework in Frameworks */,
			);
			runOnlyForDeploymentPostprocessing = 0;
		};
/* End PBXFrameworksBuildPhase section */

/* Begin PBXGroup section */
		B39DBEEF2AA8ECFC00551653 = {
			isa = PBXGroup;
			children = (
				B39DBEFA2AA8ECFC00551653 /* RickAndMorty-ModularArchitecture */,
				B39DBF112AA8ECFE00551653 /* RickAndMorty-ModularArchitectureTests */,
				B39DBF1B2AA8ECFE00551653 /* RickAndMorty-ModularArchitectureUITests */,
				B39DBF312AA8EE2800551653 /* RMScenes */,
				B39DBF422AA8EE5F00551653 /* RMCore */,
				B39DBF522AA8EEA600551653 /* RMNetwork */,
				B39DBF622AA8EEBF00551653 /* RMEntities */,
				B39DBF722AA8EEF300551653 /* RMComponents */,
				B39DBEF92AA8ECFC00551653 /* Products */,
				B39DBFA02AA8FAE800551653 /* Frameworks */,
			);
			sourceTree = "<group>";
		};
		B39DBEF92AA8ECFC00551653 /* Products */ = {
			isa = PBXGroup;
			children = (
				B39DBEF82AA8ECFC00551653 /* RickAndMorty-ModularArchitecture.app */,
				B39DBF0E2AA8ECFE00551653 /* RickAndMorty-ModularArchitectureTests.xctest */,
				B39DBF182AA8ECFE00551653 /* RickAndMorty-ModularArchitectureUITests.xctest */,
				B39DBF302AA8EE2800551653 /* RMScenes.framework */,
				B39DBF412AA8EE5F00551653 /* RMCore.framework */,
				B39DBF512AA8EEA600551653 /* RMNetwork.framework */,
				B39DBF612AA8EEBF00551653 /* RMEntities.framework */,
				B39DBF712AA8EEF300551653 /* RMComponents.framework */,
			);
			name = Products;
			sourceTree = "<group>";
		};
		B39DBEFA2AA8ECFC00551653 /* RickAndMorty-ModularArchitecture */ = {
			isa = PBXGroup;
			children = (
				B39DBEFB2AA8ECFC00551653 /* AppDelegate.swift */,
				B39DBEFD2AA8ECFC00551653 /* SceneDelegate.swift */,
				B39DBF042AA8ECFD00551653 /* Assets.xcassets */,
				B39DBF092AA8ECFD00551653 /* Info.plist */,
			);
			path = "RickAndMorty-ModularArchitecture";
			sourceTree = "<group>";
		};
		B39DBF112AA8ECFE00551653 /* RickAndMorty-ModularArchitectureTests */ = {
			isa = PBXGroup;
			children = (
				B39DBF122AA8ECFE00551653 /* RickAndMorty_ModularArchitectureTests.swift */,
			);
			path = "RickAndMorty-ModularArchitectureTests";
			sourceTree = "<group>";
		};
		B39DBF1B2AA8ECFE00551653 /* RickAndMorty-ModularArchitectureUITests */ = {
			isa = PBXGroup;
			children = (
				B39DBF1C2AA8ECFE00551653 /* RickAndMorty_ModularArchitectureUITests.swift */,
				B39DBF1E2AA8ECFE00551653 /* RickAndMorty_ModularArchitectureUITestsLaunchTests.swift */,
			);
			path = "RickAndMorty-ModularArchitectureUITests";
			sourceTree = "<group>";
		};
		B39DBF312AA8EE2800551653 /* RMScenes */ = {
			isa = PBXGroup;
			children = (
				B39DBF8B2AA8F0E800551653 /* Scenes */,
				B39DBF7C2AA8EFFB00551653 /* Extensions */,
				B39DBF322AA8EE2800551653 /* RMScenes.h */,
			);
			path = RMScenes;
			sourceTree = "<group>";
		};
		B39DBF422AA8EE5F00551653 /* RMCore */ = {
			isa = PBXGroup;
			children = (
				B39DBF7F2AA8F04600551653 /* Extensions */,
				B39DBF432AA8EE5F00551653 /* RMCore.h */,
			);
			path = RMCore;
			sourceTree = "<group>";
		};
		B39DBF522AA8EEA600551653 /* RMNetwork */ = {
			isa = PBXGroup;
			children = (
				B39DBF802AA8F04D00551653 /* Extensions */,
				B39DBF952AA8F9E300551653 /* Base */,
				B39DBF9A2AA8FA8800551653 /* CharacterEndPoint */,
				B39DBF532AA8EEA600551653 /* RMNetwork.h */,
			);
			path = RMNetwork;
			sourceTree = "<group>";
		};
		B39DBF622AA8EEBF00551653 /* RMEntities */ = {
			isa = PBXGroup;
			children = (
				B39DBFAF2AA9027600551653 /* CharacterListResponse */,
				B39DBF812AA8F05200551653 /* Extensions */,
				B39DBF632AA8EEBF00551653 /* RMEntities.h */,
			);
			path = RMEntities;
			sourceTree = "<group>";
		};
		B39DBF722AA8EEF300551653 /* RMComponents */ = {
			isa = PBXGroup;
			children = (
				B39DBF822AA8F05800551653 /* Extensions */,
				B39DBF732AA8EEF300551653 /* RMComponents.h */,
			);
			path = RMComponents;
			sourceTree = "<group>";
		};
		B39DBF7C2AA8EFFB00551653 /* Extensions */ = {
			isa = PBXGroup;
			children = (
				B39DBF7D2AA8F03000551653 /* BundleExtension.swift */,
				B39DBFC52AA9148B00551653 /* UIStoryboardExtensions.swift */,
			);
			path = Extensions;
			sourceTree = "<group>";
		};
		B39DBF7F2AA8F04600551653 /* Extensions */ = {
			isa = PBXGroup;
			children = (
				B39DBF832AA8F06A00551653 /* BundleExtension.swift */,
			);
			path = Extensions;
			sourceTree = "<group>";
		};
		B39DBF802AA8F04D00551653 /* Extensions */ = {
			isa = PBXGroup;
			children = (
				B39DBF852AA8F07500551653 /* BundleExtension.swift */,
			);
			path = Extensions;
			sourceTree = "<group>";
		};
		B39DBF812AA8F05200551653 /* Extensions */ = {
			isa = PBXGroup;
			children = (
				B39DBF872AA8F07C00551653 /* BundleExtension.swift */,
			);
			path = Extensions;
			sourceTree = "<group>";
		};
		B39DBF822AA8F05800551653 /* Extensions */ = {
			isa = PBXGroup;
			children = (
				B39DBF892AA8F08500551653 /* BundleExtension.swift */,
			);
			path = Extensions;
			sourceTree = "<group>";
		};
		B39DBF8B2AA8F0E800551653 /* Scenes */ = {
			isa = PBXGroup;
			children = (
				B39DBFC72AA916C400551653 /* Helper */,
				B39DBFBC2AA90D3E00551653 /* CharacterList */,
				B39DBF8C2AA8F0F100551653 /* Splash */,
			);
			path = Scenes;
			sourceTree = "<group>";
		};
		B39DBF8C2AA8F0F100551653 /* Splash */ = {
			isa = PBXGroup;
			children = (
				B39DBF8F2AA8F12200551653 /* Splash.storyboard */,
				B39DBF932AA8F14300551653 /* SplashViewController.swift */,
			);
			path = Splash;
			sourceTree = "<group>";
		};
		B39DBF952AA8F9E300551653 /* Base */ = {
			isa = PBXGroup;
			children = (
				B39DBF962AA8FA0900551653 /* ServiceConstant.swift */,
				B39DBF982AA8FA1700551653 /* BaseRequest.swift */,
				B39DBF9B2AA8FABF00551653 /* BaseService.swift */,
			);
			path = Base;
			sourceTree = "<group>";
		};
		B39DBF9A2AA8FA8800551653 /* CharacterEndPoint */ = {
			isa = PBXGroup;
			children = (
				B39DBFAB2AA8FDFD00551653 /* CharacterEndPoint.swift */,
				B39DBFAD2AA8FF5500551653 /* CharacterListUseCase.swift */,
			);
			path = CharacterEndPoint;
			sourceTree = "<group>";
		};
		B39DBFA02AA8FAE800551653 /* Frameworks */ = {
			isa = PBXGroup;
			children = (
			);
			name = Frameworks;
			sourceTree = "<group>";
		};
		B39DBFAF2AA9027600551653 /* CharacterListResponse */ = {
			isa = PBXGroup;
			children = (
				B39DBFB02AA9029000551653 /* CharacterListResponse.swift */,
				B39DBFB22AA9033C00551653 /* Info.swift */,
				B39DBFB42AA9035B00551653 /* RMCharacter.swift */,
				B39DBFB62AA9038D00551653 /* Origin.swift */,
				B39DBFB82AA903A800551653 /* Location.swift */,
			);
			path = CharacterListResponse;
			sourceTree = "<group>";
		};
		B39DBFBC2AA90D3E00551653 /* CharacterList */ = {
			isa = PBXGroup;
			children = (
				B39DBFBD2AA90D5600551653 /* CharacterListBuilder.swift */,
				B39DBFBF2AA90D6B00551653 /* CharacterListViewModel.swift */,
				B39DBFC12AA90D7800551653 /* CharacterListViewController.swift */,
				B39DBFC32AA913CF00551653 /* CharacterList.storyboard */,
			);
			path = CharacterList;
			sourceTree = "<group>";
		};
		B39DBFC72AA916C400551653 /* Helper */ = {
			isa = PBXGroup;
			children = (
				B39DBFC82AA916D400551653 /* Storyboards.swift */,
			);
			path = Helper;
			sourceTree = "<group>";
		};
/* End PBXGroup section */

/* Begin PBXHeadersBuildPhase section */
		B39DBF2B2AA8EE2800551653 /* Headers */ = {
			isa = PBXHeadersBuildPhase;
			buildActionMask = 2147483647;
			files = (
				B39DBF332AA8EE2800551653 /* RMScenes.h in Headers */,
			);
			runOnlyForDeploymentPostprocessing = 0;
		};
		B39DBF3C2AA8EE5F00551653 /* Headers */ = {
			isa = PBXHeadersBuildPhase;
			buildActionMask = 2147483647;
			files = (
				B39DBF442AA8EE5F00551653 /* RMCore.h in Headers */,
			);
			runOnlyForDeploymentPostprocessing = 0;
		};
		B39DBF4C2AA8EEA600551653 /* Headers */ = {
			isa = PBXHeadersBuildPhase;
			buildActionMask = 2147483647;
			files = (
				B39DBF542AA8EEA600551653 /* RMNetwork.h in Headers */,
			);
			runOnlyForDeploymentPostprocessing = 0;
		};
		B39DBF5C2AA8EEBF00551653 /* Headers */ = {
			isa = PBXHeadersBuildPhase;
			buildActionMask = 2147483647;
			files = (
				B39DBF642AA8EEBF00551653 /* RMEntities.h in Headers */,
			);
			runOnlyForDeploymentPostprocessing = 0;
		};
		B39DBF6C2AA8EEF300551653 /* Headers */ = {
			isa = PBXHeadersBuildPhase;
			buildActionMask = 2147483647;
			files = (
				B39DBF742AA8EEF300551653 /* RMComponents.h in Headers */,
			);
			runOnlyForDeploymentPostprocessing = 0;
		};
/* End PBXHeadersBuildPhase section */

/* Begin PBXNativeTarget section */
		B39DBEF72AA8ECFC00551653 /* RickAndMorty-ModularArchitecture */ = {
			isa = PBXNativeTarget;
			buildConfigurationList = B39DBF222AA8ECFE00551653 /* Build configuration list for PBXNativeTarget "RickAndMorty-ModularArchitecture" */;
			buildPhases = (
				B39DBEF42AA8ECFC00551653 /* Sources */,
				B39DBEF52AA8ECFC00551653 /* Frameworks */,
				B39DBEF62AA8ECFC00551653 /* Resources */,
				B39DBF382AA8EE2800551653 /* Embed Frameworks */,
			);
			buildRules = (
			);
			dependencies = (
				B39DBF352AA8EE2800551653 /* PBXTargetDependency */,
				B39DBF462AA8EE5F00551653 /* PBXTargetDependency */,
				B39DBF562AA8EEA600551653 /* PBXTargetDependency */,
				B39DBF662AA8EEBF00551653 /* PBXTargetDependency */,
				B39DBF762AA8EEF300551653 /* PBXTargetDependency */,
			);
			name = "RickAndMorty-ModularArchitecture";
			packageProductDependencies = (
				B39DBF9E2AA8FACA00551653 /* Alamofire */,
			);
			productName = "RickAndMorty-ModularArchitecture";
			productReference = B39DBEF82AA8ECFC00551653 /* RickAndMorty-ModularArchitecture.app */;
			productType = "com.apple.product-type.application";
		};
		B39DBF0D2AA8ECFE00551653 /* RickAndMorty-ModularArchitectureTests */ = {
			isa = PBXNativeTarget;
			buildConfigurationList = B39DBF252AA8ECFE00551653 /* Build configuration list for PBXNativeTarget "RickAndMorty-ModularArchitectureTests" */;
			buildPhases = (
				B39DBF0A2AA8ECFE00551653 /* Sources */,
				B39DBF0B2AA8ECFE00551653 /* Frameworks */,
				B39DBF0C2AA8ECFE00551653 /* Resources */,
			);
			buildRules = (
			);
			dependencies = (
				B39DBF102AA8ECFE00551653 /* PBXTargetDependency */,
			);
			name = "RickAndMorty-ModularArchitectureTests";
			productName = "RickAndMorty-ModularArchitectureTests";
			productReference = B39DBF0E2AA8ECFE00551653 /* RickAndMorty-ModularArchitectureTests.xctest */;
			productType = "com.apple.product-type.bundle.unit-test";
		};
		B39DBF172AA8ECFE00551653 /* RickAndMorty-ModularArchitectureUITests */ = {
			isa = PBXNativeTarget;
			buildConfigurationList = B39DBF282AA8ECFE00551653 /* Build configuration list for PBXNativeTarget "RickAndMorty-ModularArchitectureUITests" */;
			buildPhases = (
				B39DBF142AA8ECFE00551653 /* Sources */,
				B39DBF152AA8ECFE00551653 /* Frameworks */,
				B39DBF162AA8ECFE00551653 /* Resources */,
			);
			buildRules = (
			);
			dependencies = (
				B39DBF1A2AA8ECFE00551653 /* PBXTargetDependency */,
			);
			name = "RickAndMorty-ModularArchitectureUITests";
			productName = "RickAndMorty-ModularArchitectureUITests";
			productReference = B39DBF182AA8ECFE00551653 /* RickAndMorty-ModularArchitectureUITests.xctest */;
			productType = "com.apple.product-type.bundle.ui-testing";
		};
		B39DBF2F2AA8EE2800551653 /* RMScenes */ = {
			isa = PBXNativeTarget;
			buildConfigurationList = B39DBF3B2AA8EE2800551653 /* Build configuration list for PBXNativeTarget "RMScenes" */;
			buildPhases = (
				B39DBF2B2AA8EE2800551653 /* Headers */,
				B39DBF2C2AA8EE2800551653 /* Sources */,
				B39DBF2D2AA8EE2800551653 /* Frameworks */,
				B39DBF2E2AA8EE2800551653 /* Resources */,
			);
			buildRules = (
			);
			dependencies = (
			);
			name = RMScenes;
			productName = RMScenes;
			productReference = B39DBF302AA8EE2800551653 /* RMScenes.framework */;
			productType = "com.apple.product-type.framework";
		};
		B39DBF402AA8EE5F00551653 /* RMCore */ = {
			isa = PBXNativeTarget;
			buildConfigurationList = B39DBF492AA8EE5F00551653 /* Build configuration list for PBXNativeTarget "RMCore" */;
			buildPhases = (
				B39DBF3C2AA8EE5F00551653 /* Headers */,
				B39DBF3D2AA8EE5F00551653 /* Sources */,
				B39DBF3E2AA8EE5F00551653 /* Frameworks */,
				B39DBF3F2AA8EE5F00551653 /* Resources */,
			);
			buildRules = (
			);
			dependencies = (
			);
			name = RMCore;
			productName = RMCore;
			productReference = B39DBF412AA8EE5F00551653 /* RMCore.framework */;
			productType = "com.apple.product-type.framework";
		};
		B39DBF502AA8EEA600551653 /* RMNetwork */ = {
			isa = PBXNativeTarget;
			buildConfigurationList = B39DBF592AA8EEA600551653 /* Build configuration list for PBXNativeTarget "RMNetwork" */;
			buildPhases = (
				B39DBF4C2AA8EEA600551653 /* Headers */,
				B39DBF4D2AA8EEA600551653 /* Sources */,
				B39DBF4E2AA8EEA600551653 /* Frameworks */,
				B39DBF4F2AA8EEA600551653 /* Resources */,
			);
			buildRules = (
			);
			dependencies = (
			);
			name = RMNetwork;
			packageProductDependencies = (
				B39DBFA12AA8FAE800551653 /* Alamofire */,
			);
			productName = RMNetwork;
			productReference = B39DBF512AA8EEA600551653 /* RMNetwork.framework */;
			productType = "com.apple.product-type.framework";
		};
		B39DBF602AA8EEBF00551653 /* RMEntities */ = {
			isa = PBXNativeTarget;
			buildConfigurationList = B39DBF692AA8EEBF00551653 /* Build configuration list for PBXNativeTarget "RMEntities" */;
			buildPhases = (
				B39DBF5C2AA8EEBF00551653 /* Headers */,
				B39DBF5D2AA8EEBF00551653 /* Sources */,
				B39DBF5E2AA8EEBF00551653 /* Frameworks */,
				B39DBF5F2AA8EEBF00551653 /* Resources */,
			);
			buildRules = (
			);
			dependencies = (
			);
			name = RMEntities;
			productName = RMEntities;
			productReference = B39DBF612AA8EEBF00551653 /* RMEntities.framework */;
			productType = "com.apple.product-type.framework";
		};
		B39DBF702AA8EEF300551653 /* RMComponents */ = {
			isa = PBXNativeTarget;
			buildConfigurationList = B39DBF792AA8EEF300551653 /* Build configuration list for PBXNativeTarget "RMComponents" */;
			buildPhases = (
				B39DBF6C2AA8EEF300551653 /* Headers */,
				B39DBF6D2AA8EEF300551653 /* Sources */,
				B39DBF6E2AA8EEF300551653 /* Frameworks */,
				B39DBF6F2AA8EEF300551653 /* Resources */,
			);
			buildRules = (
			);
			dependencies = (
			);
			name = RMComponents;
			productName = RMComponents;
			productReference = B39DBF712AA8EEF300551653 /* RMComponents.framework */;
			productType = "com.apple.product-type.framework";
		};
/* End PBXNativeTarget section */

/* Begin PBXProject section */
		B39DBEF02AA8ECFC00551653 /* Project object */ = {
			isa = PBXProject;
			attributes = {
				BuildIndependentTargetsInParallel = 1;
				LastSwiftUpdateCheck = 1420;
				LastUpgradeCheck = 1420;
				TargetAttributes = {
					B39DBEF72AA8ECFC00551653 = {
						CreatedOnToolsVersion = 14.2;
					};
					B39DBF0D2AA8ECFE00551653 = {
						CreatedOnToolsVersion = 14.2;
						TestTargetID = B39DBEF72AA8ECFC00551653;
					};
					B39DBF172AA8ECFE00551653 = {
						CreatedOnToolsVersion = 14.2;
						TestTargetID = B39DBEF72AA8ECFC00551653;
					};
					B39DBF2F2AA8EE2800551653 = {
						CreatedOnToolsVersion = 14.2;
						LastSwiftMigration = 1420;
					};
					B39DBF402AA8EE5F00551653 = {
						CreatedOnToolsVersion = 14.2;
						LastSwiftMigration = 1420;
					};
					B39DBF502AA8EEA600551653 = {
						CreatedOnToolsVersion = 14.2;
						LastSwiftMigration = 1420;
					};
					B39DBF602AA8EEBF00551653 = {
						CreatedOnToolsVersion = 14.2;
						LastSwiftMigration = 1420;
					};
					B39DBF702AA8EEF300551653 = {
						CreatedOnToolsVersion = 14.2;
						LastSwiftMigration = 1420;
					};
				};
			};
			buildConfigurationList = B39DBEF32AA8ECFC00551653 /* Build configuration list for PBXProject "RickAndMorty-ModularArchitecture" */;
			compatibilityVersion = "Xcode 14.0";
			developmentRegion = en;
			hasScannedForEncodings = 0;
			knownRegions = (
				en,
				Base,
			);
			mainGroup = B39DBEEF2AA8ECFC00551653;
			packageReferences = (
				B39DBF9D2AA8FACA00551653 /* XCRemoteSwiftPackageReference "Alamofire" */,
			);
			productRefGroup = B39DBEF92AA8ECFC00551653 /* Products */;
			projectDirPath = "";
			projectRoot = "";
			targets = (
				B39DBEF72AA8ECFC00551653 /* RickAndMorty-ModularArchitecture */,
				B39DBF0D2AA8ECFE00551653 /* RickAndMorty-ModularArchitectureTests */,
				B39DBF172AA8ECFE00551653 /* RickAndMorty-ModularArchitectureUITests */,
				B39DBF2F2AA8EE2800551653 /* RMScenes */,
				B39DBF402AA8EE5F00551653 /* RMCore */,
				B39DBF502AA8EEA600551653 /* RMNetwork */,
				B39DBF602AA8EEBF00551653 /* RMEntities */,
				B39DBF702AA8EEF300551653 /* RMComponents */,
			);
		};
/* End PBXProject section */

/* Begin PBXResourcesBuildPhase section */
		B39DBEF62AA8ECFC00551653 /* Resources */ = {
			isa = PBXResourcesBuildPhase;
			buildActionMask = 2147483647;
			files = (
				B39DBF052AA8ECFD00551653 /* Assets.xcassets in Resources */,
			);
			runOnlyForDeploymentPostprocessing = 0;
		};
		B39DBF0C2AA8ECFE00551653 /* Resources */ = {
			isa = PBXResourcesBuildPhase;
			buildActionMask = 2147483647;
			files = (
			);
			runOnlyForDeploymentPostprocessing = 0;
		};
		B39DBF162AA8ECFE00551653 /* Resources */ = {
			isa = PBXResourcesBuildPhase;
			buildActionMask = 2147483647;
			files = (
			);
			runOnlyForDeploymentPostprocessing = 0;
		};
		B39DBF2E2AA8EE2800551653 /* Resources */ = {
			isa = PBXResourcesBuildPhase;
			buildActionMask = 2147483647;
			files = (
				B39DBFC42AA913CF00551653 /* CharacterList.storyboard in Resources */,
				B39DBF902AA8F12200551653 /* Splash.storyboard in Resources */,
			);
			runOnlyForDeploymentPostprocessing = 0;
		};
		B39DBF3F2AA8EE5F00551653 /* Resources */ = {
			isa = PBXResourcesBuildPhase;
			buildActionMask = 2147483647;
			files = (
			);
			runOnlyForDeploymentPostprocessing = 0;
		};
		B39DBF4F2AA8EEA600551653 /* Resources */ = {
			isa = PBXResourcesBuildPhase;
			buildActionMask = 2147483647;
			files = (
			);
			runOnlyForDeploymentPostprocessing = 0;
		};
		B39DBF5F2AA8EEBF00551653 /* Resources */ = {
			isa = PBXResourcesBuildPhase;
			buildActionMask = 2147483647;
			files = (
			);
			runOnlyForDeploymentPostprocessing = 0;
		};
		B39DBF6F2AA8EEF300551653 /* Resources */ = {
			isa = PBXResourcesBuildPhase;
			buildActionMask = 2147483647;
			files = (
			);
			runOnlyForDeploymentPostprocessing = 0;
		};
/* End PBXResourcesBuildPhase section */

/* Begin PBXSourcesBuildPhase section */
		B39DBEF42AA8ECFC00551653 /* Sources */ = {
			isa = PBXSourcesBuildPhase;
			buildActionMask = 2147483647;
			files = (
				B39DBEFC2AA8ECFC00551653 /* AppDelegate.swift in Sources */,
				B39DBEFE2AA8ECFC00551653 /* SceneDelegate.swift in Sources */,
			);
			runOnlyForDeploymentPostprocessing = 0;
		};
		B39DBF0A2AA8ECFE00551653 /* Sources */ = {
			isa = PBXSourcesBuildPhase;
			buildActionMask = 2147483647;
			files = (
				B39DBF132AA8ECFE00551653 /* RickAndMorty_ModularArchitectureTests.swift in Sources */,
			);
			runOnlyForDeploymentPostprocessing = 0;
		};
		B39DBF142AA8ECFE00551653 /* Sources */ = {
			isa = PBXSourcesBuildPhase;
			buildActionMask = 2147483647;
			files = (
				B39DBF1D2AA8ECFE00551653 /* RickAndMorty_ModularArchitectureUITests.swift in Sources */,
				B39DBF1F2AA8ECFE00551653 /* RickAndMorty_ModularArchitectureUITestsLaunchTests.swift in Sources */,
			);
			runOnlyForDeploymentPostprocessing = 0;
		};
		B39DBF2C2AA8EE2800551653 /* Sources */ = {
			isa = PBXSourcesBuildPhase;
			buildActionMask = 2147483647;
			files = (
				B39DBFC62AA9148B00551653 /* UIStoryboardExtensions.swift in Sources */,
				B39DBFC02AA90D6B00551653 /* CharacterListViewModel.swift in Sources */,
				B39DBFBE2AA90D5600551653 /* CharacterListBuilder.swift in Sources */,
				B39DBFC22AA90D7800551653 /* CharacterListViewController.swift in Sources */,
				B39DBF942AA8F14300551653 /* SplashViewController.swift in Sources */,
				B39DBF7E2AA8F03000551653 /* BundleExtension.swift in Sources */,
				B39DBFC92AA916D400551653 /* Storyboards.swift in Sources */,
			);
			runOnlyForDeploymentPostprocessing = 0;
		};
		B39DBF3D2AA8EE5F00551653 /* Sources */ = {
			isa = PBXSourcesBuildPhase;
			buildActionMask = 2147483647;
			files = (
				B39DBF842AA8F06A00551653 /* BundleExtension.swift in Sources */,
			);
			runOnlyForDeploymentPostprocessing = 0;
		};
		B39DBF4D2AA8EEA600551653 /* Sources */ = {
			isa = PBXSourcesBuildPhase;
			buildActionMask = 2147483647;
			files = (
				B39DBF9C2AA8FABF00551653 /* BaseService.swift in Sources */,
				B39DBFAE2AA8FF5500551653 /* CharacterListUseCase.swift in Sources */,
				B39DBFAC2AA8FDFD00551653 /* CharacterEndPoint.swift in Sources */,
				B39DBF862AA8F07500551653 /* BundleExtension.swift in Sources */,
				B39DBF972AA8FA0900551653 /* ServiceConstant.swift in Sources */,
				B39DBF992AA8FA1700551653 /* BaseRequest.swift in Sources */,
			);
			runOnlyForDeploymentPostprocessing = 0;
		};
		B39DBF5D2AA8EEBF00551653 /* Sources */ = {
			isa = PBXSourcesBuildPhase;
			buildActionMask = 2147483647;
			files = (
				B39DBFB52AA9035B00551653 /* RMCharacter.swift in Sources */,
				B39DBFB32AA9033C00551653 /* Info.swift in Sources */,
				B39DBFB12AA9029000551653 /* CharacterListResponse.swift in Sources */,
				B39DBF882AA8F07C00551653 /* BundleExtension.swift in Sources */,
				B39DBFB92AA903A800551653 /* Location.swift in Sources */,
				B39DBFB72AA9038D00551653 /* Origin.swift in Sources */,
			);
			runOnlyForDeploymentPostprocessing = 0;
		};
		B39DBF6D2AA8EEF300551653 /* Sources */ = {
			isa = PBXSourcesBuildPhase;
			buildActionMask = 2147483647;
			files = (
				B39DBF8A2AA8F08500551653 /* BundleExtension.swift in Sources */,
			);
			runOnlyForDeploymentPostprocessing = 0;
		};
/* End PBXSourcesBuildPhase section */

/* Begin PBXTargetDependency section */
		B39DBF102AA8ECFE00551653 /* PBXTargetDependency */ = {
			isa = PBXTargetDependency;
			target = B39DBEF72AA8ECFC00551653 /* RickAndMorty-ModularArchitecture */;
			targetProxy = B39DBF0F2AA8ECFE00551653 /* PBXContainerItemProxy */;
		};
		B39DBF1A2AA8ECFE00551653 /* PBXTargetDependency */ = {
			isa = PBXTargetDependency;
			target = B39DBEF72AA8ECFC00551653 /* RickAndMorty-ModularArchitecture */;
			targetProxy = B39DBF192AA8ECFE00551653 /* PBXContainerItemProxy */;
		};
		B39DBF352AA8EE2800551653 /* PBXTargetDependency */ = {
			isa = PBXTargetDependency;
			target = B39DBF2F2AA8EE2800551653 /* RMScenes */;
			targetProxy = B39DBF342AA8EE2800551653 /* PBXContainerItemProxy */;
		};
		B39DBF462AA8EE5F00551653 /* PBXTargetDependency */ = {
			isa = PBXTargetDependency;
			target = B39DBF402AA8EE5F00551653 /* RMCore */;
			targetProxy = B39DBF452AA8EE5F00551653 /* PBXContainerItemProxy */;
		};
		B39DBF562AA8EEA600551653 /* PBXTargetDependency */ = {
			isa = PBXTargetDependency;
			target = B39DBF502AA8EEA600551653 /* RMNetwork */;
			targetProxy = B39DBF552AA8EEA600551653 /* PBXContainerItemProxy */;
		};
		B39DBF662AA8EEBF00551653 /* PBXTargetDependency */ = {
			isa = PBXTargetDependency;
			target = B39DBF602AA8EEBF00551653 /* RMEntities */;
			targetProxy = B39DBF652AA8EEBF00551653 /* PBXContainerItemProxy */;
		};
		B39DBF762AA8EEF300551653 /* PBXTargetDependency */ = {
			isa = PBXTargetDependency;
			target = B39DBF702AA8EEF300551653 /* RMComponents */;
			targetProxy = B39DBF752AA8EEF300551653 /* PBXContainerItemProxy */;
		};
/* End PBXTargetDependency section */

/* Begin XCBuildConfiguration section */
		B39DBF202AA8ECFE00551653 /* Debug */ = {
			isa = XCBuildConfiguration;
			buildSettings = {
				ALWAYS_SEARCH_USER_PATHS = NO;
				CLANG_ANALYZER_NONNULL = YES;
				CLANG_ANALYZER_NUMBER_OBJECT_CONVERSION = YES_AGGRESSIVE;
				CLANG_CXX_LANGUAGE_STANDARD = "gnu++20";
				CLANG_ENABLE_MODULES = YES;
				CLANG_ENABLE_OBJC_ARC = YES;
				CLANG_ENABLE_OBJC_WEAK = YES;
				CLANG_WARN_BLOCK_CAPTURE_AUTORELEASING = YES;
				CLANG_WARN_BOOL_CONVERSION = YES;
				CLANG_WARN_COMMA = YES;
				CLANG_WARN_CONSTANT_CONVERSION = YES;
				CLANG_WARN_DEPRECATED_OBJC_IMPLEMENTATIONS = YES;
				CLANG_WARN_DIRECT_OBJC_ISA_USAGE = YES_ERROR;
				CLANG_WARN_DOCUMENTATION_COMMENTS = YES;
				CLANG_WARN_EMPTY_BODY = YES;
				CLANG_WARN_ENUM_CONVERSION = YES;
				CLANG_WARN_INFINITE_RECURSION = YES;
				CLANG_WARN_INT_CONVERSION = YES;
				CLANG_WARN_NON_LITERAL_NULL_CONVERSION = YES;
				CLANG_WARN_OBJC_IMPLICIT_RETAIN_SELF = YES;
				CLANG_WARN_OBJC_LITERAL_CONVERSION = YES;
				CLANG_WARN_OBJC_ROOT_CLASS = YES_ERROR;
				CLANG_WARN_QUOTED_INCLUDE_IN_FRAMEWORK_HEADER = YES;
				CLANG_WARN_RANGE_LOOP_ANALYSIS = YES;
				CLANG_WARN_STRICT_PROTOTYPES = YES;
				CLANG_WARN_SUSPICIOUS_MOVE = YES;
				CLANG_WARN_UNGUARDED_AVAILABILITY = YES_AGGRESSIVE;
				CLANG_WARN_UNREACHABLE_CODE = YES;
				CLANG_WARN__DUPLICATE_METHOD_MATCH = YES;
				COPY_PHASE_STRIP = NO;
				DEBUG_INFORMATION_FORMAT = dwarf;
				ENABLE_STRICT_OBJC_MSGSEND = YES;
				ENABLE_TESTABILITY = YES;
				GCC_C_LANGUAGE_STANDARD = gnu11;
				GCC_DYNAMIC_NO_PIC = NO;
				GCC_NO_COMMON_BLOCKS = YES;
				GCC_OPTIMIZATION_LEVEL = 0;
				GCC_PREPROCESSOR_DEFINITIONS = (
					"DEBUG=1",
					"$(inherited)",
				);
				GCC_WARN_64_TO_32_BIT_CONVERSION = YES;
				GCC_WARN_ABOUT_RETURN_TYPE = YES_ERROR;
				GCC_WARN_UNDECLARED_SELECTOR = YES;
				GCC_WARN_UNINITIALIZED_AUTOS = YES_AGGRESSIVE;
				GCC_WARN_UNUSED_FUNCTION = YES;
				GCC_WARN_UNUSED_VARIABLE = YES;
				IPHONEOS_DEPLOYMENT_TARGET = 16.2;
				MTL_ENABLE_DEBUG_INFO = INCLUDE_SOURCE;
				MTL_FAST_MATH = YES;
				ONLY_ACTIVE_ARCH = YES;
				SDKROOT = iphoneos;
				SWIFT_ACTIVE_COMPILATION_CONDITIONS = DEBUG;
				SWIFT_OPTIMIZATION_LEVEL = "-Onone";
			};
			name = Debug;
		};
		B39DBF212AA8ECFE00551653 /* Release */ = {
			isa = XCBuildConfiguration;
			buildSettings = {
				ALWAYS_SEARCH_USER_PATHS = NO;
				CLANG_ANALYZER_NONNULL = YES;
				CLANG_ANALYZER_NUMBER_OBJECT_CONVERSION = YES_AGGRESSIVE;
				CLANG_CXX_LANGUAGE_STANDARD = "gnu++20";
				CLANG_ENABLE_MODULES = YES;
				CLANG_ENABLE_OBJC_ARC = YES;
				CLANG_ENABLE_OBJC_WEAK = YES;
				CLANG_WARN_BLOCK_CAPTURE_AUTORELEASING = YES;
				CLANG_WARN_BOOL_CONVERSION = YES;
				CLANG_WARN_COMMA = YES;
				CLANG_WARN_CONSTANT_CONVERSION = YES;
				CLANG_WARN_DEPRECATED_OBJC_IMPLEMENTATIONS = YES;
				CLANG_WARN_DIRECT_OBJC_ISA_USAGE = YES_ERROR;
				CLANG_WARN_DOCUMENTATION_COMMENTS = YES;
				CLANG_WARN_EMPTY_BODY = YES;
				CLANG_WARN_ENUM_CONVERSION = YES;
				CLANG_WARN_INFINITE_RECURSION = YES;
				CLANG_WARN_INT_CONVERSION = YES;
				CLANG_WARN_NON_LITERAL_NULL_CONVERSION = YES;
				CLANG_WARN_OBJC_IMPLICIT_RETAIN_SELF = YES;
				CLANG_WARN_OBJC_LITERAL_CONVERSION = YES;
				CLANG_WARN_OBJC_ROOT_CLASS = YES_ERROR;
				CLANG_WARN_QUOTED_INCLUDE_IN_FRAMEWORK_HEADER = YES;
				CLANG_WARN_RANGE_LOOP_ANALYSIS = YES;
				CLANG_WARN_STRICT_PROTOTYPES = YES;
				CLANG_WARN_SUSPICIOUS_MOVE = YES;
				CLANG_WARN_UNGUARDED_AVAILABILITY = YES_AGGRESSIVE;
				CLANG_WARN_UNREACHABLE_CODE = YES;
				CLANG_WARN__DUPLICATE_METHOD_MATCH = YES;
				COPY_PHASE_STRIP = NO;
				DEBUG_INFORMATION_FORMAT = "dwarf-with-dsym";
				ENABLE_NS_ASSERTIONS = NO;
				ENABLE_STRICT_OBJC_MSGSEND = YES;
				GCC_C_LANGUAGE_STANDARD = gnu11;
				GCC_NO_COMMON_BLOCKS = YES;
				GCC_WARN_64_TO_32_BIT_CONVERSION = YES;
				GCC_WARN_ABOUT_RETURN_TYPE = YES_ERROR;
				GCC_WARN_UNDECLARED_SELECTOR = YES;
				GCC_WARN_UNINITIALIZED_AUTOS = YES_AGGRESSIVE;
				GCC_WARN_UNUSED_FUNCTION = YES;
				GCC_WARN_UNUSED_VARIABLE = YES;
				IPHONEOS_DEPLOYMENT_TARGET = 16.2;
				MTL_ENABLE_DEBUG_INFO = NO;
				MTL_FAST_MATH = YES;
				SDKROOT = iphoneos;
				SWIFT_COMPILATION_MODE = wholemodule;
				SWIFT_OPTIMIZATION_LEVEL = "-O";
				VALIDATE_PRODUCT = YES;
			};
			name = Release;
		};
		B39DBF232AA8ECFE00551653 /* Debug */ = {
			isa = XCBuildConfiguration;
			buildSettings = {
				ALWAYS_EMBED_SWIFT_STANDARD_LIBRARIES = YES;
				ASSETCATALOG_COMPILER_APPICON_NAME = AppIcon;
				ASSETCATALOG_COMPILER_GLOBAL_ACCENT_COLOR_NAME = AccentColor;
				CODE_SIGN_STYLE = Automatic;
				CURRENT_PROJECT_VERSION = 1;
				DEVELOPMENT_TEAM = 4C2D4G4S6B;
				GENERATE_INFOPLIST_FILE = YES;
				INFOPLIST_FILE = "RickAndMorty-ModularArchitecture/Info.plist";
				INFOPLIST_KEY_UIApplicationSupportsIndirectInputEvents = YES;
				INFOPLIST_KEY_UILaunchStoryboardName = LaunchScreen;
				INFOPLIST_KEY_UISupportedInterfaceOrientations_iPad = "UIInterfaceOrientationPortrait UIInterfaceOrientationPortraitUpsideDown UIInterfaceOrientationLandscapeLeft UIInterfaceOrientationLandscapeRight";
				INFOPLIST_KEY_UISupportedInterfaceOrientations_iPhone = "UIInterfaceOrientationPortrait UIInterfaceOrientationLandscapeLeft UIInterfaceOrientationLandscapeRight";
				LD_RUNPATH_SEARCH_PATHS = (
					"$(inherited)",
					"@executable_path/Frameworks",
				);
				MARKETING_VERSION = 1.0;
				PRODUCT_BUNDLE_IDENTIFIER = "toysemih.com.RickAndMorty-ModularArchitecture";
				PRODUCT_NAME = "$(TARGET_NAME)";
				SWIFT_EMIT_LOC_STRINGS = YES;
				SWIFT_VERSION = 5.0;
				TARGETED_DEVICE_FAMILY = "1,2";
			};
			name = Debug;
		};
		B39DBF242AA8ECFE00551653 /* Release */ = {
			isa = XCBuildConfiguration;
			buildSettings = {
				ALWAYS_EMBED_SWIFT_STANDARD_LIBRARIES = YES;
				ASSETCATALOG_COMPILER_APPICON_NAME = AppIcon;
				ASSETCATALOG_COMPILER_GLOBAL_ACCENT_COLOR_NAME = AccentColor;
				CODE_SIGN_STYLE = Automatic;
				CURRENT_PROJECT_VERSION = 1;
				DEVELOPMENT_TEAM = 4C2D4G4S6B;
				GENERATE_INFOPLIST_FILE = YES;
				INFOPLIST_FILE = "RickAndMorty-ModularArchitecture/Info.plist";
				INFOPLIST_KEY_UIApplicationSupportsIndirectInputEvents = YES;
				INFOPLIST_KEY_UILaunchStoryboardName = LaunchScreen;
				INFOPLIST_KEY_UISupportedInterfaceOrientations_iPad = "UIInterfaceOrientationPortrait UIInterfaceOrientationPortraitUpsideDown UIInterfaceOrientationLandscapeLeft UIInterfaceOrientationLandscapeRight";
				INFOPLIST_KEY_UISupportedInterfaceOrientations_iPhone = "UIInterfaceOrientationPortrait UIInterfaceOrientationLandscapeLeft UIInterfaceOrientationLandscapeRight";
				LD_RUNPATH_SEARCH_PATHS = (
					"$(inherited)",
					"@executable_path/Frameworks",
				);
				MARKETING_VERSION = 1.0;
				PRODUCT_BUNDLE_IDENTIFIER = "toysemih.com.RickAndMorty-ModularArchitecture";
				PRODUCT_NAME = "$(TARGET_NAME)";
				SWIFT_EMIT_LOC_STRINGS = YES;
				SWIFT_VERSION = 5.0;
				TARGETED_DEVICE_FAMILY = "1,2";
			};
			name = Release;
		};
		B39DBF262AA8ECFE00551653 /* Debug */ = {
			isa = XCBuildConfiguration;
			buildSettings = {
				ALWAYS_EMBED_SWIFT_STANDARD_LIBRARIES = YES;
				BUNDLE_LOADER = "$(TEST_HOST)";
				CODE_SIGN_STYLE = Automatic;
				CURRENT_PROJECT_VERSION = 1;
				DEVELOPMENT_TEAM = 4C2D4G4S6B;
				GENERATE_INFOPLIST_FILE = YES;
				IPHONEOS_DEPLOYMENT_TARGET = 16.2;
				MARKETING_VERSION = 1.0;
				PRODUCT_BUNDLE_IDENTIFIER = "toysemih.com.RickAndMorty-ModularArchitectureTests";
				PRODUCT_NAME = "$(TARGET_NAME)";
				SWIFT_EMIT_LOC_STRINGS = NO;
				SWIFT_VERSION = 5.0;
				TARGETED_DEVICE_FAMILY = "1,2";
				TEST_HOST = "$(BUILT_PRODUCTS_DIR)/RickAndMorty-ModularArchitecture.app/$(BUNDLE_EXECUTABLE_FOLDER_PATH)/RickAndMorty-ModularArchitecture";
			};
			name = Debug;
		};
		B39DBF272AA8ECFE00551653 /* Release */ = {
			isa = XCBuildConfiguration;
			buildSettings = {
				ALWAYS_EMBED_SWIFT_STANDARD_LIBRARIES = YES;
				BUNDLE_LOADER = "$(TEST_HOST)";
				CODE_SIGN_STYLE = Automatic;
				CURRENT_PROJECT_VERSION = 1;
				DEVELOPMENT_TEAM = 4C2D4G4S6B;
				GENERATE_INFOPLIST_FILE = YES;
				IPHONEOS_DEPLOYMENT_TARGET = 16.2;
				MARKETING_VERSION = 1.0;
				PRODUCT_BUNDLE_IDENTIFIER = "toysemih.com.RickAndMorty-ModularArchitectureTests";
				PRODUCT_NAME = "$(TARGET_NAME)";
				SWIFT_EMIT_LOC_STRINGS = NO;
				SWIFT_VERSION = 5.0;
				TARGETED_DEVICE_FAMILY = "1,2";
				TEST_HOST = "$(BUILT_PRODUCTS_DIR)/RickAndMorty-ModularArchitecture.app/$(BUNDLE_EXECUTABLE_FOLDER_PATH)/RickAndMorty-ModularArchitecture";
			};
			name = Release;
		};
		B39DBF292AA8ECFE00551653 /* Debug */ = {
			isa = XCBuildConfiguration;
			buildSettings = {
				ALWAYS_EMBED_SWIFT_STANDARD_LIBRARIES = YES;
				CODE_SIGN_STYLE = Automatic;
				CURRENT_PROJECT_VERSION = 1;
				DEVELOPMENT_TEAM = 4C2D4G4S6B;
				GENERATE_INFOPLIST_FILE = YES;
				MARKETING_VERSION = 1.0;
				PRODUCT_BUNDLE_IDENTIFIER = "toysemih.com.RickAndMorty-ModularArchitectureUITests";
				PRODUCT_NAME = "$(TARGET_NAME)";
				SWIFT_EMIT_LOC_STRINGS = NO;
				SWIFT_VERSION = 5.0;
				TARGETED_DEVICE_FAMILY = "1,2";
				TEST_TARGET_NAME = "RickAndMorty-ModularArchitecture";
			};
			name = Debug;
		};
		B39DBF2A2AA8ECFE00551653 /* Release */ = {
			isa = XCBuildConfiguration;
			buildSettings = {
				ALWAYS_EMBED_SWIFT_STANDARD_LIBRARIES = YES;
				CODE_SIGN_STYLE = Automatic;
				CURRENT_PROJECT_VERSION = 1;
				DEVELOPMENT_TEAM = 4C2D4G4S6B;
				GENERATE_INFOPLIST_FILE = YES;
				MARKETING_VERSION = 1.0;
				PRODUCT_BUNDLE_IDENTIFIER = "toysemih.com.RickAndMorty-ModularArchitectureUITests";
				PRODUCT_NAME = "$(TARGET_NAME)";
				SWIFT_EMIT_LOC_STRINGS = NO;
				SWIFT_VERSION = 5.0;
				TARGETED_DEVICE_FAMILY = "1,2";
				TEST_TARGET_NAME = "RickAndMorty-ModularArchitecture";
			};
			name = Release;
		};
		B39DBF392AA8EE2800551653 /* Debug */ = {
			isa = XCBuildConfiguration;
			buildSettings = {
				CLANG_ENABLE_MODULES = YES;
				CODE_SIGN_STYLE = Automatic;
				CURRENT_PROJECT_VERSION = 1;
				DEFINES_MODULE = YES;
				DEVELOPMENT_TEAM = 4C2D4G4S6B;
				DYLIB_COMPATIBILITY_VERSION = 1;
				DYLIB_CURRENT_VERSION = 1;
				DYLIB_INSTALL_NAME_BASE = "@rpath";
				GENERATE_INFOPLIST_FILE = YES;
				INFOPLIST_KEY_NSHumanReadableCopyright = "";
				INSTALL_PATH = "$(LOCAL_LIBRARY_DIR)/Frameworks";
				LD_RUNPATH_SEARCH_PATHS = (
					"$(inherited)",
					"@executable_path/Frameworks",
					"@loader_path/Frameworks",
				);
				MARKETING_VERSION = 1.0;
				PRODUCT_BUNDLE_IDENTIFIER = toysemih.com.RMScenes;
				PRODUCT_NAME = "$(TARGET_NAME:c99extidentifier)";
				SKIP_INSTALL = YES;
				SWIFT_EMIT_LOC_STRINGS = YES;
				SWIFT_OPTIMIZATION_LEVEL = "-Onone";
				SWIFT_VERSION = 5.0;
				TARGETED_DEVICE_FAMILY = "1,2";
				VERSIONING_SYSTEM = "apple-generic";
				VERSION_INFO_PREFIX = "";
			};
			name = Debug;
		};
		B39DBF3A2AA8EE2800551653 /* Release */ = {
			isa = XCBuildConfiguration;
			buildSettings = {
				CLANG_ENABLE_MODULES = YES;
				CODE_SIGN_STYLE = Automatic;
				CURRENT_PROJECT_VERSION = 1;
				DEFINES_MODULE = YES;
				DEVELOPMENT_TEAM = 4C2D4G4S6B;
				DYLIB_COMPATIBILITY_VERSION = 1;
				DYLIB_CURRENT_VERSION = 1;
				DYLIB_INSTALL_NAME_BASE = "@rpath";
				GENERATE_INFOPLIST_FILE = YES;
				INFOPLIST_KEY_NSHumanReadableCopyright = "";
				INSTALL_PATH = "$(LOCAL_LIBRARY_DIR)/Frameworks";
				LD_RUNPATH_SEARCH_PATHS = (
					"$(inherited)",
					"@executable_path/Frameworks",
					"@loader_path/Frameworks",
				);
				MARKETING_VERSION = 1.0;
				PRODUCT_BUNDLE_IDENTIFIER = toysemih.com.RMScenes;
				PRODUCT_NAME = "$(TARGET_NAME:c99extidentifier)";
				SKIP_INSTALL = YES;
				SWIFT_EMIT_LOC_STRINGS = YES;
				SWIFT_VERSION = 5.0;
				TARGETED_DEVICE_FAMILY = "1,2";
				VERSIONING_SYSTEM = "apple-generic";
				VERSION_INFO_PREFIX = "";
			};
			name = Release;
		};
		B39DBF4A2AA8EE5F00551653 /* Debug */ = {
			isa = XCBuildConfiguration;
			buildSettings = {
				CLANG_ENABLE_MODULES = YES;
				CODE_SIGN_STYLE = Automatic;
				CURRENT_PROJECT_VERSION = 1;
				DEFINES_MODULE = YES;
				DEVELOPMENT_TEAM = 4C2D4G4S6B;
				DYLIB_COMPATIBILITY_VERSION = 1;
				DYLIB_CURRENT_VERSION = 1;
				DYLIB_INSTALL_NAME_BASE = "@rpath";
				GENERATE_INFOPLIST_FILE = YES;
				INFOPLIST_KEY_NSHumanReadableCopyright = "";
				INSTALL_PATH = "$(LOCAL_LIBRARY_DIR)/Frameworks";
				LD_RUNPATH_SEARCH_PATHS = (
					"$(inherited)",
					"@executable_path/Frameworks",
					"@loader_path/Frameworks",
				);
				MARKETING_VERSION = 1.0;
				PRODUCT_BUNDLE_IDENTIFIER = toysemih.com.RMCore;
				PRODUCT_NAME = "$(TARGET_NAME:c99extidentifier)";
				SKIP_INSTALL = YES;
				SWIFT_EMIT_LOC_STRINGS = YES;
				SWIFT_OPTIMIZATION_LEVEL = "-Onone";
				SWIFT_VERSION = 5.0;
				TARGETED_DEVICE_FAMILY = "1,2";
				VERSIONING_SYSTEM = "apple-generic";
				VERSION_INFO_PREFIX = "";
			};
			name = Debug;
		};
		B39DBF4B2AA8EE5F00551653 /* Release */ = {
			isa = XCBuildConfiguration;
			buildSettings = {
				CLANG_ENABLE_MODULES = YES;
				CODE_SIGN_STYLE = Automatic;
				CURRENT_PROJECT_VERSION = 1;
				DEFINES_MODULE = YES;
				DEVELOPMENT_TEAM = 4C2D4G4S6B;
				DYLIB_COMPATIBILITY_VERSION = 1;
				DYLIB_CURRENT_VERSION = 1;
				DYLIB_INSTALL_NAME_BASE = "@rpath";
				GENERATE_INFOPLIST_FILE = YES;
				INFOPLIST_KEY_NSHumanReadableCopyright = "";
				INSTALL_PATH = "$(LOCAL_LIBRARY_DIR)/Frameworks";
				LD_RUNPATH_SEARCH_PATHS = (
					"$(inherited)",
					"@executable_path/Frameworks",
					"@loader_path/Frameworks",
				);
				MARKETING_VERSION = 1.0;
				PRODUCT_BUNDLE_IDENTIFIER = toysemih.com.RMCore;
				PRODUCT_NAME = "$(TARGET_NAME:c99extidentifier)";
				SKIP_INSTALL = YES;
				SWIFT_EMIT_LOC_STRINGS = YES;
				SWIFT_VERSION = 5.0;
				TARGETED_DEVICE_FAMILY = "1,2";
				VERSIONING_SYSTEM = "apple-generic";
				VERSION_INFO_PREFIX = "";
			};
			name = Release;
		};
		B39DBF5A2AA8EEA600551653 /* Debug */ = {
			isa = XCBuildConfiguration;
			buildSettings = {
				CLANG_ENABLE_MODULES = YES;
				CODE_SIGN_STYLE = Automatic;
				CURRENT_PROJECT_VERSION = 1;
				DEFINES_MODULE = YES;
				DEVELOPMENT_TEAM = 4C2D4G4S6B;
				DYLIB_COMPATIBILITY_VERSION = 1;
				DYLIB_CURRENT_VERSION = 1;
				DYLIB_INSTALL_NAME_BASE = "@rpath";
				GENERATE_INFOPLIST_FILE = YES;
				INFOPLIST_KEY_NSHumanReadableCopyright = "";
				INSTALL_PATH = "$(LOCAL_LIBRARY_DIR)/Frameworks";
				LD_RUNPATH_SEARCH_PATHS = (
					"$(inherited)",
					"@executable_path/Frameworks",
					"@loader_path/Frameworks",
				);
				MARKETING_VERSION = 1.0;
				PRODUCT_BUNDLE_IDENTIFIER = toysemih.com.RMNetwork;
				PRODUCT_NAME = "$(TARGET_NAME:c99extidentifier)";
				SKIP_INSTALL = YES;
				SWIFT_EMIT_LOC_STRINGS = YES;
				SWIFT_OPTIMIZATION_LEVEL = "-Onone";
				SWIFT_VERSION = 5.0;
				TARGETED_DEVICE_FAMILY = "1,2";
				VERSIONING_SYSTEM = "apple-generic";
				VERSION_INFO_PREFIX = "";
			};
			name = Debug;
		};
		B39DBF5B2AA8EEA600551653 /* Release */ = {
			isa = XCBuildConfiguration;
			buildSettings = {
				CLANG_ENABLE_MODULES = YES;
				CODE_SIGN_STYLE = Automatic;
				CURRENT_PROJECT_VERSION = 1;
				DEFINES_MODULE = YES;
				DEVELOPMENT_TEAM = 4C2D4G4S6B;
				DYLIB_COMPATIBILITY_VERSION = 1;
				DYLIB_CURRENT_VERSION = 1;
				DYLIB_INSTALL_NAME_BASE = "@rpath";
				GENERATE_INFOPLIST_FILE = YES;
				INFOPLIST_KEY_NSHumanReadableCopyright = "";
				INSTALL_PATH = "$(LOCAL_LIBRARY_DIR)/Frameworks";
				LD_RUNPATH_SEARCH_PATHS = (
					"$(inherited)",
					"@executable_path/Frameworks",
					"@loader_path/Frameworks",
				);
				MARKETING_VERSION = 1.0;
				PRODUCT_BUNDLE_IDENTIFIER = toysemih.com.RMNetwork;
				PRODUCT_NAME = "$(TARGET_NAME:c99extidentifier)";
				SKIP_INSTALL = YES;
				SWIFT_EMIT_LOC_STRINGS = YES;
				SWIFT_VERSION = 5.0;
				TARGETED_DEVICE_FAMILY = "1,2";
				VERSIONING_SYSTEM = "apple-generic";
				VERSION_INFO_PREFIX = "";
			};
			name = Release;
		};
		B39DBF6A2AA8EEBF00551653 /* Debug */ = {
			isa = XCBuildConfiguration;
			buildSettings = {
				CLANG_ENABLE_MODULES = YES;
				CODE_SIGN_STYLE = Automatic;
				CURRENT_PROJECT_VERSION = 1;
				DEFINES_MODULE = YES;
				DEVELOPMENT_TEAM = 4C2D4G4S6B;
				DYLIB_COMPATIBILITY_VERSION = 1;
				DYLIB_CURRENT_VERSION = 1;
				DYLIB_INSTALL_NAME_BASE = "@rpath";
				GENERATE_INFOPLIST_FILE = YES;
				INFOPLIST_KEY_NSHumanReadableCopyright = "";
				INSTALL_PATH = "$(LOCAL_LIBRARY_DIR)/Frameworks";
				LD_RUNPATH_SEARCH_PATHS = (
					"$(inherited)",
					"@executable_path/Frameworks",
					"@loader_path/Frameworks",
				);
				MARKETING_VERSION = 1.0;
				PRODUCT_BUNDLE_IDENTIFIER = toysemih.com.RMEntities;
				PRODUCT_NAME = "$(TARGET_NAME:c99extidentifier)";
				SKIP_INSTALL = YES;
				SWIFT_EMIT_LOC_STRINGS = YES;
				SWIFT_OPTIMIZATION_LEVEL = "-Onone";
				SWIFT_VERSION = 5.0;
				TARGETED_DEVICE_FAMILY = "1,2";
				VERSIONING_SYSTEM = "apple-generic";
				VERSION_INFO_PREFIX = "";
			};
			name = Debug;
		};
		B39DBF6B2AA8EEBF00551653 /* Release */ = {
			isa = XCBuildConfiguration;
			buildSettings = {
				CLANG_ENABLE_MODULES = YES;
				CODE_SIGN_STYLE = Automatic;
				CURRENT_PROJECT_VERSION = 1;
				DEFINES_MODULE = YES;
				DEVELOPMENT_TEAM = 4C2D4G4S6B;
				DYLIB_COMPATIBILITY_VERSION = 1;
				DYLIB_CURRENT_VERSION = 1;
				DYLIB_INSTALL_NAME_BASE = "@rpath";
				GENERATE_INFOPLIST_FILE = YES;
				INFOPLIST_KEY_NSHumanReadableCopyright = "";
				INSTALL_PATH = "$(LOCAL_LIBRARY_DIR)/Frameworks";
				LD_RUNPATH_SEARCH_PATHS = (
					"$(inherited)",
					"@executable_path/Frameworks",
					"@loader_path/Frameworks",
				);
				MARKETING_VERSION = 1.0;
				PRODUCT_BUNDLE_IDENTIFIER = toysemih.com.RMEntities;
				PRODUCT_NAME = "$(TARGET_NAME:c99extidentifier)";
				SKIP_INSTALL = YES;
				SWIFT_EMIT_LOC_STRINGS = YES;
				SWIFT_VERSION = 5.0;
				TARGETED_DEVICE_FAMILY = "1,2";
				VERSIONING_SYSTEM = "apple-generic";
				VERSION_INFO_PREFIX = "";
			};
			name = Release;
		};
		B39DBF7A2AA8EEF300551653 /* Debug */ = {
			isa = XCBuildConfiguration;
			buildSettings = {
				CLANG_ENABLE_MODULES = YES;
				CODE_SIGN_STYLE = Automatic;
				CURRENT_PROJECT_VERSION = 1;
				DEFINES_MODULE = YES;
				DEVELOPMENT_TEAM = 4C2D4G4S6B;
				DYLIB_COMPATIBILITY_VERSION = 1;
				DYLIB_CURRENT_VERSION = 1;
				DYLIB_INSTALL_NAME_BASE = "@rpath";
				GENERATE_INFOPLIST_FILE = YES;
				INFOPLIST_KEY_NSHumanReadableCopyright = "";
				INSTALL_PATH = "$(LOCAL_LIBRARY_DIR)/Frameworks";
				LD_RUNPATH_SEARCH_PATHS = (
					"$(inherited)",
					"@executable_path/Frameworks",
					"@loader_path/Frameworks",
				);
				MARKETING_VERSION = 1.0;
				PRODUCT_BUNDLE_IDENTIFIER = toysemih.com.RMComponents;
				PRODUCT_NAME = "$(TARGET_NAME:c99extidentifier)";
				SKIP_INSTALL = YES;
				SWIFT_EMIT_LOC_STRINGS = YES;
				SWIFT_OPTIMIZATION_LEVEL = "-Onone";
				SWIFT_VERSION = 5.0;
				TARGETED_DEVICE_FAMILY = "1,2";
				VERSIONING_SYSTEM = "apple-generic";
				VERSION_INFO_PREFIX = "";
			};
			name = Debug;
		};
		B39DBF7B2AA8EEF300551653 /* Release */ = {
			isa = XCBuildConfiguration;
			buildSettings = {
				CLANG_ENABLE_MODULES = YES;
				CODE_SIGN_STYLE = Automatic;
				CURRENT_PROJECT_VERSION = 1;
				DEFINES_MODULE = YES;
				DEVELOPMENT_TEAM = 4C2D4G4S6B;
				DYLIB_COMPATIBILITY_VERSION = 1;
				DYLIB_CURRENT_VERSION = 1;
				DYLIB_INSTALL_NAME_BASE = "@rpath";
				GENERATE_INFOPLIST_FILE = YES;
				INFOPLIST_KEY_NSHumanReadableCopyright = "";
				INSTALL_PATH = "$(LOCAL_LIBRARY_DIR)/Frameworks";
				LD_RUNPATH_SEARCH_PATHS = (
					"$(inherited)",
					"@executable_path/Frameworks",
					"@loader_path/Frameworks",
				);
				MARKETING_VERSION = 1.0;
				PRODUCT_BUNDLE_IDENTIFIER = toysemih.com.RMComponents;
				PRODUCT_NAME = "$(TARGET_NAME:c99extidentifier)";
				SKIP_INSTALL = YES;
				SWIFT_EMIT_LOC_STRINGS = YES;
				SWIFT_VERSION = 5.0;
				TARGETED_DEVICE_FAMILY = "1,2";
				VERSIONING_SYSTEM = "apple-generic";
				VERSION_INFO_PREFIX = "";
			};
			name = Release;
		};
/* End XCBuildConfiguration section */

/* Begin XCConfigurationList section */
		B39DBEF32AA8ECFC00551653 /* Build configuration list for PBXProject "RickAndMorty-ModularArchitecture" */ = {
			isa = XCConfigurationList;
			buildConfigurations = (
				B39DBF202AA8ECFE00551653 /* Debug */,
				B39DBF212AA8ECFE00551653 /* Release */,
			);
			defaultConfigurationIsVisible = 0;
			defaultConfigurationName = Release;
		};
		B39DBF222AA8ECFE00551653 /* Build configuration list for PBXNativeTarget "RickAndMorty-ModularArchitecture" */ = {
			isa = XCConfigurationList;
			buildConfigurations = (
				B39DBF232AA8ECFE00551653 /* Debug */,
				B39DBF242AA8ECFE00551653 /* Release */,
			);
			defaultConfigurationIsVisible = 0;
			defaultConfigurationName = Release;
		};
		B39DBF252AA8ECFE00551653 /* Build configuration list for PBXNativeTarget "RickAndMorty-ModularArchitectureTests" */ = {
			isa = XCConfigurationList;
			buildConfigurations = (
				B39DBF262AA8ECFE00551653 /* Debug */,
				B39DBF272AA8ECFE00551653 /* Release */,
			);
			defaultConfigurationIsVisible = 0;
			defaultConfigurationName = Release;
		};
		B39DBF282AA8ECFE00551653 /* Build configuration list for PBXNativeTarget "RickAndMorty-ModularArchitectureUITests" */ = {
			isa = XCConfigurationList;
			buildConfigurations = (
				B39DBF292AA8ECFE00551653 /* Debug */,
				B39DBF2A2AA8ECFE00551653 /* Release */,
			);
			defaultConfigurationIsVisible = 0;
			defaultConfigurationName = Release;
		};
		B39DBF3B2AA8EE2800551653 /* Build configuration list for PBXNativeTarget "RMScenes" */ = {
			isa = XCConfigurationList;
			buildConfigurations = (
				B39DBF392AA8EE2800551653 /* Debug */,
				B39DBF3A2AA8EE2800551653 /* Release */,
			);
			defaultConfigurationIsVisible = 0;
			defaultConfigurationName = Release;
		};
		B39DBF492AA8EE5F00551653 /* Build configuration list for PBXNativeTarget "RMCore" */ = {
			isa = XCConfigurationList;
			buildConfigurations = (
				B39DBF4A2AA8EE5F00551653 /* Debug */,
				B39DBF4B2AA8EE5F00551653 /* Release */,
			);
			defaultConfigurationIsVisible = 0;
			defaultConfigurationName = Release;
		};
		B39DBF592AA8EEA600551653 /* Build configuration list for PBXNativeTarget "RMNetwork" */ = {
			isa = XCConfigurationList;
			buildConfigurations = (
				B39DBF5A2AA8EEA600551653 /* Debug */,
				B39DBF5B2AA8EEA600551653 /* Release */,
			);
			defaultConfigurationIsVisible = 0;
			defaultConfigurationName = Release;
		};
		B39DBF692AA8EEBF00551653 /* Build configuration list for PBXNativeTarget "RMEntities" */ = {
			isa = XCConfigurationList;
			buildConfigurations = (
				B39DBF6A2AA8EEBF00551653 /* Debug */,
				B39DBF6B2AA8EEBF00551653 /* Release */,
			);
			defaultConfigurationIsVisible = 0;
			defaultConfigurationName = Release;
		};
		B39DBF792AA8EEF300551653 /* Build configuration list for PBXNativeTarget "RMComponents" */ = {
			isa = XCConfigurationList;
			buildConfigurations = (
				B39DBF7A2AA8EEF300551653 /* Debug */,
				B39DBF7B2AA8EEF300551653 /* Release */,
			);
			defaultConfigurationIsVisible = 0;
			defaultConfigurationName = Release;
		};
/* End XCConfigurationList section */

/* Begin XCRemoteSwiftPackageReference section */
		B39DBF9D2AA8FACA00551653 /* XCRemoteSwiftPackageReference "Alamofire" */ = {
			isa = XCRemoteSwiftPackageReference;
			repositoryURL = "https://github.com/Alamofire/Alamofire";
			requirement = {
				branch = master;
				kind = branch;
			};
		};
/* End XCRemoteSwiftPackageReference section */

/* Begin XCSwiftPackageProductDependency section */
		B39DBF9E2AA8FACA00551653 /* Alamofire */ = {
			isa = XCSwiftPackageProductDependency;
			package = B39DBF9D2AA8FACA00551653 /* XCRemoteSwiftPackageReference "Alamofire" */;
			productName = Alamofire;
		};
		B39DBFA12AA8FAE800551653 /* Alamofire */ = {
			isa = XCSwiftPackageProductDependency;
			package = B39DBF9D2AA8FACA00551653 /* XCRemoteSwiftPackageReference "Alamofire" */;
			productName = Alamofire;
		};
/* End XCSwiftPackageProductDependency section */
	};
	rootObject = B39DBEF02AA8ECFC00551653 /* Project object */;
}
